
Microsoft Visual Studio Solution File, Format Version 12.00
# Visual Studio Version 17
VisualStudioVersion = 17.11.35327.3
MinimumVisualStudioVersion = 10.0.40219.1
Project("{9A19103F-16F7-4668-BE54-9A1E7A4F7556}") = "app-dental-api", "app-dental-api\app-dental-api.csproj", "{E71F7783-B1FD-44E0-AC92-F65873F38CFE}"
EndProject
Project("{9A19103F-16F7-4668-BE54-9A1E7A4F7556}") = "Datos", "Datos\Datos.csproj", "{2BDA916D-F67D-4282-BD64-AAF6A4050076}"
EndProject
Project("{9A19103F-16F7-4668-BE54-9A1E7A4F7556}") = "Negocio", "Negocio\Negocio.csproj", "{59840DED-C3C2-49DD-96F2-02140A1B5C4E}"
EndProject
Project("{9A19103F-16F7-4668-BE54-9A1E7A4F7556}") = "Modelo", "Modelo\Modelo.csproj", "{1748D54E-64FB-4BA4-BFC1-8C1D486F25B0}"
EndProject
Project("{9A19103F-16F7-4668-BE54-9A1E7A4F7556}") = "Utilidades", "Utilidades\Utilidades.csproj", "{8EEA6801-6E19-42B8-B35E-40B39B9F1302}"
EndProject
Global
	GlobalSection(SolutionConfigurationPlatforms) = preSolution
		Debug|Any CPU = Debug|Any CPU
		Release|Any CPU = Release|Any CPU
	EndGlobalSection
	GlobalSection(ProjectConfigurationPlatforms) = postSolution
		{E71F7783-B1FD-44E0-AC92-F65873F38CFE}.Debug|Any CPU.ActiveCfg = Debug|Any CPU
		{E71F7783-B1FD-44E0-AC92-F65873F38CFE}.Debug|Any CPU.Build.0 = Debug|Any CPU
		{E71F7783-B1FD-44E0-AC92-F65873F38CFE}.Release|Any CPU.ActiveCfg = Release|Any CPU
		{E71F7783-B1FD-44E0-AC92-F65873F38CFE}.Release|Any CPU.Build.0 = Release|Any CPU
		{2BDA916D-F67D-4282-BD64-AAF6A4050076}.Debug|Any CPU.ActiveCfg = Debug|Any CPU
		{2BDA916D-F67D-4282-BD64-AAF6A4050076}.Debug|Any CPU.Build.0 = Debug|Any CPU
		{2BDA916D-F67D-4282-BD64-AAF6A4050076}.Release|Any CPU.ActiveCfg = Release|Any CPU
		{2BDA916D-F67D-4282-BD64-AAF6A4050076}.Release|Any CPU.Build.0 = Release|Any CPU
		{59840DED-C3C2-49DD-96F2-02140A1B5C4E}.Debug|Any CPU.ActiveCfg = Debug|Any CPU
		{59840DED-C3C2-49DD-96F2-02140A1B5C4E}.Debug|Any CPU.Build.0 = Debug|Any CPU
		{59840DED-C3C2-49DD-96F2-02140A1B5C4E}.Release|Any CPU.ActiveCfg = Release|Any CPU
		{59840DED-C3C2-49DD-96F2-02140A1B5C4E}.Release|Any CPU.Build.0 = Release|Any CPU
		{1748D54E-64FB-4BA4-BFC1-8C1D486F25B0}.Debug|Any CPU.ActiveCfg = Debug|Any CPU
		{1748D54E-64FB-4BA4-BFC1-8C1D486F25B0}.Debug|Any CPU.Build.0 = Debug|Any CPU
		{1748D54E-64FB-4BA4-BFC1-8C1D486F25B0}.Release|Any CPU.ActiveCfg = Release|Any CPU
		{1748D54E-64FB-4BA4-BFC1-8C1D486F25B0}.Release|Any CPU.Build.0 = Release|Any CPU
		{8EEA6801-6E19-42B8-B35E-40B39B9F1302}.Debug|Any CPU.ActiveCfg = Debug|Any CPU
		{8EEA6801-6E19-42B8-B35E-40B39B9F1302}.Debug|Any CPU.Build.0 = Debug|Any CPU
		{8EEA6801-6E19-42B8-B35E-40B39B9F1302}.Release|Any CPU.ActiveCfg = Release|Any CPU
		{8EEA6801-6E19-42B8-B35E-40B39B9F1302}.Release|Any CPU.Build.0 = Release|Any CPU
	EndGlobalSection
	GlobalSection(SolutionProperties) = preSolution
		HideSolutionNode = FALSE
	EndGlobalSection
	GlobalSection(ExtensibilityGlobals) = postSolution
		SolutionGuid = {9AC641D9-D6C6-402A-B2BF-6250203F5062}
	EndGlobalSection
EndGlobal
